
Microsoft Visual Studio Solution File, Format Version 12.00
# Visual Studio Version 16
VisualStudioVersion = 16.0.30621.155
MinimumVisualStudioVersion = 10.0.40219.1
Project("{FAE04EC0-301F-11D3-BF4B-00C04F79EFBC}") = "Examen", "Examen\Examen.csproj", "{346F8557-4F63-4CD5-BF13-66C4C91C5403}"
EndProject
Global
	GlobalSection(SolutionConfigurationPlatforms) = preSolution
		Debug|Any CPU = Debug|Any CPU
		Release|Any CPU = Release|Any CPU
	EndGlobalSection
	GlobalSection(ProjectConfigurationPlatforms) = postSolution
		{346F8557-4F63-4CD5-BF13-66C4C91C5403}.Debug|Any CPU.ActiveCfg = Debug|Any CPU
		{346F8557-4F63-4CD5-BF13-66C4C91C5403}.Debug|Any CPU.Build.0 = Debug|Any CPU
		{346F8557-4F63-4CD5-BF13-66C4C91C5403}.Release|Any CPU.ActiveCfg = Release|Any CPU
		{346F8557-4F63-4CD5-BF13-66C4C91C5403}.Release|Any CPU.Build.0 = Release|Any CPU
	EndGlobalSection
	GlobalSection(SolutionProperties) = preSolution
		HideSolutionNode = FALSE
	EndGlobalSection
	GlobalSection(ExtensibilityGlobals) = postSolution
		SolutionGuid = {7CF7CFAE-4AC8-483C-83E4-06687CF45C3C}
	EndGlobalSection
EndGlobal
